
Microsoft Visual Studio Solution File, Format Version 12.00
# Visual Studio Version 16
VisualStudioVersion = 16.0.32126.315
MinimumVisualStudioVersion = 10.0.40219.1
Project("{FAE04EC0-301F-11D3-BF4B-00C04F79EFBC}") = "PROJECT_OLX", "PROJECT_OLX\PROJECT_OLX.csproj", "{0A6F6C1F-1C73-4D88-BB46-0C19BF3548CA}"
EndProject
Global
	GlobalSection(SolutionConfigurationPlatforms) = preSolution
		Debug|Any CPU = Debug|Any CPU
		Release|Any CPU = Release|Any CPU
	EndGlobalSection
	GlobalSection(ProjectConfigurationPlatforms) = postSolution
		{0A6F6C1F-1C73-4D88-BB46-0C19BF3548CA}.Debug|Any CPU.ActiveCfg = Debug|Any CPU
		{0A6F6C1F-1C73-4D88-BB46-0C19BF3548CA}.Debug|Any CPU.Build.0 = Debug|Any CPU
		{0A6F6C1F-1C73-4D88-BB46-0C19BF3548CA}.Release|Any CPU.ActiveCfg = Release|Any CPU
		{0A6F6C1F-1C73-4D88-BB46-0C19BF3548CA}.Release|Any CPU.Build.0 = Release|Any CPU
	EndGlobalSection
	GlobalSection(SolutionProperties) = preSolution
		HideSolutionNode = FALSE
	EndGlobalSection
	GlobalSection(ExtensibilityGlobals) = postSolution
		SolutionGuid = {A8090A2C-4801-43CF-B4E1-D47A6656CA83}
	EndGlobalSection
EndGlobal
